// !$*UTF8*$!
{
	archiveVersion = 1;
	classes = {
	};
	objectVersion = 46;
	objects = {

/* Begin PBXBuildFile section */
		914DBAC21C944E0A009D0F9F /* AppDelegate.swift in Sources */ = {isa = PBXBuildFile; fileRef = 914DBAC11C944E0A009D0F9F /* AppDelegate.swift */; };
		914DBAC41C944E0A009D0F9F /* ViewController.swift in Sources */ = {isa = PBXBuildFile; fileRef = 914DBAC31C944E0A009D0F9F /* ViewController.swift */; };
		914DBAC71C944E0A009D0F9F /* Main.storyboard in Resources */ = {isa = PBXBuildFile; fileRef = 914DBAC51C944E0A009D0F9F /* Main.storyboard */; };
		914DBAC91C944E0A009D0F9F /* Assets.xcassets in Resources */ = {isa = PBXBuildFile; fileRef = 914DBAC81C944E0A009D0F9F /* Assets.xcassets */; };
		914DBACC1C944E0A009D0F9F /* LaunchScreen.storyboard in Resources */ = {isa = PBXBuildFile; fileRef = 914DBACA1C944E0A009D0F9F /* LaunchScreen.storyboard */; };
		914DBAD41C946445009D0F9F /* DragImg.swift in Sources */ = {isa = PBXBuildFile; fileRef = 914DBAD31C946445009D0F9F /* DragImg.swift */; };
		914DBAD61C947109009D0F9F /* MonsterImg.swift in Sources */ = {isa = PBXBuildFile; fileRef = 914DBAD51C947109009D0F9F /* MonsterImg.swift */; };
		914DBADC1C95B15E009D0F9F /* cave-music.mp3 in Resources */ = {isa = PBXBuildFile; fileRef = 914DBAD71C95B15E009D0F9F /* cave-music.mp3 */; };
		914DBADD1C95B15E009D0F9F /* bite.wav in Resources */ = {isa = PBXBuildFile; fileRef = 914DBAD81C95B15E009D0F9F /* bite.wav */; };
		914DBADE1C95B15E009D0F9F /* death.wav in Resources */ = {isa = PBXBuildFile; fileRef = 914DBAD91C95B15E009D0F9F /* death.wav */; };
		914DBADF1C95B15E009D0F9F /* heart.wav in Resources */ = {isa = PBXBuildFile; fileRef = 914DBADA1C95B15E009D0F9F /* heart.wav */; };
		914DBAE01C95B15E009D0F9F /* skull.wav in Resources */ = {isa = PBXBuildFile; fileRef = 914DBADB1C95B15E009D0F9F /* skull.wav */; };
/* End PBXBuildFile section */

/* Begin PBXFileReference section */
		914DBABE1C944E0A009D0F9F /* MyLittleMonster.app */ = {isa = PBXFileReference; explicitFileType = wrapper.application; includeInIndex = 0; path = MyLittleMonster.app; sourceTree = BUILT_PRODUCTS_DIR; };
		914DBAC11C944E0A009D0F9F /* AppDelegate.swift */ = {isa = PBXFileReference; lastKnownFileType = sourcecode.swift; path = AppDelegate.swift; sourceTree = "<group>"; };
		914DBAC31C944E0A009D0F9F /* ViewController.swift */ = {isa = PBXFileReference; lastKnownFileType = sourcecode.swift; path = ViewController.swift; sourceTree = "<group>"; };
		914DBAC61C944E0A009D0F9F /* Base */ = {isa = PBXFileReference; lastKnownFileType = file.storyboard; name = Base; path = Base.lproj/Main.storyboard; sourceTree = "<group>"; };
		914DBAC81C944E0A009D0F9F /* Assets.xcassets */ = {isa = PBXFileReference; lastKnownFileType = folder.assetcatalog; path = Assets.xcassets; sourceTree = "<group>"; };
		914DBACB1C944E0A009D0F9F /* Base */ = {isa = PBXFileReference; lastKnownFileType = file.storyboard; name = Base; path = Base.lproj/LaunchScreen.storyboard; sourceTree = "<group>"; };
		914DBACD1C944E0A009D0F9F /* Info.plist */ = {isa = PBXFileReference; lastKnownFileType = text.plist.xml; path = Info.plist; sourceTree = "<group>"; };
		914DBAD31C946445009D0F9F /* DragImg.swift */ = {isa = PBXFileReference; fileEncoding = 4; lastKnownFileType = sourcecode.swift; path = DragImg.swift; sourceTree = "<group>"; };
		914DBAD51C947109009D0F9F /* MonsterImg.swift */ = {isa = PBXFileReference; fileEncoding = 4; lastKnownFileType = sourcecode.swift; path = MonsterImg.swift; sourceTree = "<group>"; };
		914DBAD71C95B15E009D0F9F /* cave-music.mp3 */ = {isa = PBXFileReference; lastKnownFileType = audio.mp3; path = "cave-music.mp3"; sourceTree = "<group>"; };
		914DBAD81C95B15E009D0F9F /* bite.wav */ = {isa = PBXFileReference; lastKnownFileType = audio.wav; path = bite.wav; sourceTree = "<group>"; };
		914DBAD91C95B15E009D0F9F /* death.wav */ = {isa = PBXFileReference; lastKnownFileType = audio.wav; path = death.wav; sourceTree = "<group>"; };
		914DBADA1C95B15E009D0F9F /* heart.wav */ = {isa = PBXFileReference; lastKnownFileType = audio.wav; path = heart.wav; sourceTree = "<group>"; };
		914DBADB1C95B15E009D0F9F /* skull.wav */ = {isa = PBXFileReference; lastKnownFileType = audio.wav; path = skull.wav; sourceTree = "<group>"; };
/* End PBXFileReference section */

/* Begin PBXFrameworksBuildPhase section */
		914DBABB1C944E0A009D0F9F /* Frameworks */ = {
			isa = PBXFrameworksBuildPhase;
			buildActionMask = 2147483647;
			files = (
			);
			runOnlyForDeploymentPostprocessing = 0;
		};
/* End PBXFrameworksBuildPhase section */

/* Begin PBXGroup section */
		914DBAB51C944E0A009D0F9F = {
			isa = PBXGroup;
			children = (
				914DBAC01C944E0A009D0F9F /* MyLittleMonster */,
				914DBABF1C944E0A009D0F9F /* Products */,
			);
			sourceTree = "<group>";
		};
		914DBABF1C944E0A009D0F9F /* Products */ = {
			isa = PBXGroup;
			children = (
				914DBABE1C944E0A009D0F9F /* MyLittleMonster.app */,
			);
			name = Products;
			sourceTree = "<group>";
		};
		914DBAC01C944E0A009D0F9F /* MyLittleMonster */ = {
			isa = PBXGroup;
			children = (
				914DBAD71C95B15E009D0F9F /* cave-music.mp3 */,
				914DBAD81C95B15E009D0F9F /* bite.wav */,
				914DBAD91C95B15E009D0F9F /* death.wav */,
				914DBADA1C95B15E009D0F9F /* heart.wav */,
				914DBADB1C95B15E009D0F9F /* skull.wav */,
				914DBAC11C944E0A009D0F9F /* AppDelegate.swift */,
				914DBAC31C944E0A009D0F9F /* ViewController.swift */,
				914DBAC51C944E0A009D0F9F /* Main.storyboard */,
				914DBAC81C944E0A009D0F9F /* Assets.xcassets */,
				914DBACA1C944E0A009D0F9F /* LaunchScreen.storyboard */,
				914DBACD1C944E0A009D0F9F /* Info.plist */,
				914DBAD31C946445009D0F9F /* DragImg.swift */,
				914DBAD51C947109009D0F9F /* MonsterImg.swift */,
			);
			path = MyLittleMonster;
			sourceTree = "<group>";
		};
/* End PBXGroup section */

/* Begin PBXNativeTarget section */
		914DBABD1C944E0A009D0F9F /* MyLittleMonster */ = {
			isa = PBXNativeTarget;
			buildConfigurationList = 914DBAD01C944E0A009D0F9F /* Build configuration list for PBXNativeTarget "MyLittleMonster" */;
			buildPhases = (
				914DBABA1C944E0A009D0F9F /* Sources */,
				914DBABB1C944E0A009D0F9F /* Frameworks */,
				914DBABC1C944E0A009D0F9F /* Resources */,
			);
			buildRules = (
			);
			dependencies = (
			);
			name = MyLittleMonster;
			productName = MyLittleMonster;
			productReference = 914DBABE1C944E0A009D0F9F /* MyLittleMonster.app */;
			productType = "com.apple.product-type.application";
		};
/* End PBXNativeTarget section */

/* Begin PBXProject section */
		914DBAB61C944E0A009D0F9F /* Project object */ = {
			isa = PBXProject;
			attributes = {
				LastSwiftUpdateCheck = 0720;
				LastUpgradeCheck = 0720;
				ORGANIZATIONNAME = "Mehdi Chennoufi";
				TargetAttributes = {
					914DBABD1C944E0A009D0F9F = {
						CreatedOnToolsVersion = 7.2.1;
						DevelopmentTeam = 2CS5LFHDLH;
					};
				};
			};
			buildConfigurationList = 914DBAB91C944E0A009D0F9F /* Build configuration list for PBXProject "MyLittleMonster" */;
			compatibilityVersion = "Xcode 3.2";
			developmentRegion = English;
			hasScannedForEncodings = 0;
			knownRegions = (
				en,
				Base,
			);
			mainGroup = 914DBAB51C944E0A009D0F9F;
			productRefGroup = 914DBABF1C944E0A009D0F9F /* Products */;
			projectDirPath = "";
			projectRoot = "";
			targets = (
				914DBABD1C944E0A009D0F9F /* MyLittleMonster */,
			);
		};
/* End PBXProject section */

/* Begin PBXResourcesBuildPhase section */
		914DBABC1C944E0A009D0F9F /* Resources */ = {
			isa = PBXResourcesBuildPhase;
			buildActionMask = 2147483647;
			files = (
				914DBAE01C95B15E009D0F9F /* skull.wav in Resources */,
				914DBADD1C95B15E009D0F9F /* bite.wav in Resources */,
				914DBADE1C95B15E009D0F9F /* death.wav in Resources */,
				914DBADF1C95B15E009D0F9F /* heart.wav in Resources */,
				914DBACC1C944E0A009D0F9F /* LaunchScreen.storyboard in Resources */,
				914DBADC1C95B15E009D0F9F /* cave-music.mp3 in Resources */,
				914DBAC91C944E0A009D0F9F /* Assets.xcassets in Resources */,
				914DBAC71C944E0A009D0F9F /* Main.storyboard in Resources */,
			);
			runOnlyForDeploymentPostprocessing = 0;
		};
/* End PBXResourcesBuildPhase section */

/* Begin PBXSourcesBuildPhase section */
		914DBABA1C944E0A009D0F9F /* Sources */ = {
			isa = PBXSourcesBuildPhase;
			buildActionMask = 2147483647;
			files = (
				914DBAD61C947109009D0F9F /* MonsterImg.swift in Sources */,
				914DBAD41C946445009D0F9F /* DragImg.swift in Sources */,
				914DBAC41C944E0A009D0F9F /* ViewController.swift in Sources */,
				914DBAC21C944E0A009D0F9F /* AppDelegate.swift in Sources */,
			);
			runOnlyForDeploymentPostprocessing = 0;
		};
/* End PBXSourcesBuildPhase section */

/* Begin PBXVariantGroup section */
		914DBAC51C944E0A009D0F9F /* Main.storyboard */ = {
			isa = PBXVariantGroup;
			children = (
				914DBAC61C944E0A009D0F9F /* Base */,
			);
			name = Main.storyboard;
			sourceTree = "<group>";
		};
		914DBACA1C944E0A009D0F9F /* LaunchScreen.storyboard */ = {
			isa = PBXVariantGroup;
			children = (
				914DBACB1C944E0A009D0F9F /* Base */,
			);
			name = LaunchScreen.storyboard;
			sourceTree = "<group>";
		};
/* End PBXVariantGroup section */

/* Begin XCBuildConfiguration section */
		914DBACE1C944E0A009D0F9F /* Debug */ = {
			isa = XCBuildConfiguration;
			buildSettings = {
				ALWAYS_SEARCH_USER_PATHS = NO;
				CLANG_CXX_LANGUAGE_STANDARD = "gnu++0x";
				CLANG_CXX_LIBRARY = "libc++";
				CLANG_ENABLE_MODULES = YES;
				CLANG_ENABLE_OBJC_ARC = YES;
				CLANG_WARN_BOOL_CONVERSION = YES;
				CLANG_WARN_CONSTANT_CONVERSION = YES;
				CLANG_WARN_DIRECT_OBJC_ISA_USAGE = YES_ERROR;
				CLANG_WARN_EMPTY_BODY = YES;
				CLANG_WARN_ENUM_CONVERSION = YES;
				CLANG_WARN_INT_CONVERSION = YES;
				CLANG_WARN_OBJC_ROOT_CLASS = YES_ERROR;
				CLANG_WARN_UNREACHABLE_CODE = YES;
				CLANG_WARN__DUPLICATE_METHOD_MATCH = YES;
				"CODE_SIGN_IDENTITY[sdk=iphoneos*]" = "iPhone Developer";
				COPY_PHASE_STRIP = NO;
				DEBUG_INFORMATION_FORMAT = dwarf;
				ENABLE_STRICT_OBJC_MSGSEND = YES;
				ENABLE_TESTABILITY = YES;
				GCC_C_LANGUAGE_STANDARD = gnu99;
				GCC_DYNAMIC_NO_PIC = NO;
				GCC_NO_COMMON_BLOCKS = YES;
				GCC_OPTIMIZATION_LEVEL = 0;
				GCC_PREPROCESSOR_DEFINITIONS = (
					"DEBUG=1",
					"$(inherited)",
				);
				GCC_WARN_64_TO_32_BIT_CONVERSION = YES;
				GCC_WARN_ABOUT_RETURN_TYPE = YES_ERROR;
				GCC_WARN_UNDECLARED_SELECTOR = YES;
				GCC_WARN_UNINITIALIZED_AUTOS = YES_AGGRESSIVE;
				GCC_WARN_UNUSED_FUNCTION = YES;
				GCC_WARN_UNUSED_VARIABLE = YES;
				IPHONEOS_DEPLOYMENT_TARGET = 9.2;
				MTL_ENABLE_DEBUG_INFO = YES;
				ONLY_ACTIVE_ARCH = YES;
				SDKROOT = iphoneos;
				SWIFT_OPTIMIZATION_LEVEL = "-Onone";
				TARGETED_DEVICE_FAMILY = "1,2";
			};
			name = Debug;
		};
		914DBACF1C944E0A009D0F9F /* Release */ = {
			isa = XCBuildConfiguration;
			buildSettings = {
				ALWAYS_SEARCH_USER_PATHS = NO;
				CLANG_CXX_LANGUAGE_STANDARD = "gnu++0x";
				CLANG_CXX_LIBRARY = "libc++";
				CLANG_ENABLE_MODULES = YES;
				CLANG_ENABLE_OBJC_ARC = YES;
				CLANG_WARN_BOOL_CONVERSION = YES;
				CLANG_WARN_CONSTANT_CONVERSION = YES;
				CLANG_WARN_DIRECT_OBJC_ISA_USAGE = YES_ERROR;
				CLANG_WARN_EMPTY_BODY = YES;
				CLANG_WARN_ENUM_CONVERSION = YES;
				CLANG_WARN_INT_CONVERSION = YES;
				CLANG_WARN_OBJC_ROOT_CLASS = YES_ERROR;
				CLANG_WARN_UNREACHABLE_CODE = YES;
				CLANG_WARN__DUPLICATE_METHOD_MATCH = YES;
				"CODE_SIGN_IDENTITY[sdk=iphoneos*]" = "iPhone Developer";
				COPY_PHASE_STRIP = NO;
				DEBUG_INFORMATION_FORMAT = "dwarf-with-dsym";
				ENABLE_NS_ASSERTIONS = NO;
				ENABLE_STRICT_OBJC_MSGSEND = YES;
				GCC_C_LANGUAGE_STANDARD = gnu99;
				GCC_NO_COMMON_BLOCKS = YES;
				GCC_WARN_64_TO_32_BIT_CONVERSION = YES;
				GCC_WARN_ABOUT_RETURN_TYPE = YES_ERROR;
				GCC_WARN_UNDECLARED_SELECTOR = YES;
				GCC_WARN_UNINITIALIZED_AUTOS = YES_AGGRESSIVE;
				GCC_WARN_UNUSED_FUNCTION = YES;
				GCC_WARN_UNUSED_VARIABLE = YES;
				IPHONEOS_DEPLOYMENT_TARGET = 9.2;
				MTL_ENABLE_DEBUG_INFO = NO;
				SDKROOT = iphoneos;
				TARGETED_DEVICE_FAMILY = "1,2";
				VALIDATE_PRODUCT = YES;
			};
			name = Release;
		};
		914DBAD11C944E0A009D0F9F /* Debug */ = {
			isa = XCBuildConfiguration;
			buildSettings = {
				ASSETCATALOG_COMPILER_APPICON_NAME = AppIcon;
				INFOPLIST_FILE = MyLittleMonster/Info.plist;
				LD_RUNPATH_SEARCH_PATHS = "$(inherited) @executable_path/Frameworks";
				PRODUCT_BUNDLE_IDENTIFIER = com.MehdiChennoufi.MyLittleMonster;
				PRODUCT_NAME = "$(TARGET_NAME)";
			};
			name = Debug;
		};
		914DBAD21C944E0A009D0F9F /* Release */ = {
			isa = XCBuildConfiguration;
			buildSettings = {
				ASSETCATALOG_COMPILER_APPICON_NAME = AppIcon;
				INFOPLIST_FILE = MyLittleMonster/Info.plist;
				LD_RUNPATH_SEARCH_PATHS = "$(inherited) @executable_path/Frameworks";
				PRODUCT_BUNDLE_IDENTIFIER = com.MehdiChennoufi.MyLittleMonster;
				PRODUCT_NAME = "$(TARGET_NAME)";
			};
			name = Release;
		};
/* End XCBuildConfiguration section */

/* Begin XCConfigurationList section */
		914DBAB91C944E0A009D0F9F /* Build configuration list for PBXProject "MyLittleMonster" */ = {
			isa = XCConfigurationList;
			buildConfigurations = (
				914DBACE1C944E0A009D0F9F /* Debug */,
				914DBACF1C944E0A009D0F9F /* Release */,
			);
			defaultConfigurationIsVisible = 0;
			defaultConfigurationName = Release;
		};
		914DBAD01C944E0A009D0F9F /* Build configuration list for PBXNativeTarget "MyLittleMonster" */ = {
			isa = XCConfigurationList;
			buildConfigurations = (
				914DBAD11C944E0A009D0F9F /* Debug */,
				914DBAD21C944E0A009D0F9F /* Release */,
			);
			defaultConfigurationIsVisible = 0;
		};
/* End XCConfigurationList section */
	};
	rootObject = 914DBAB61C944E0A009D0F9F /* Project object */;
}
